
Microsoft Visual Studio Solution File, Format Version 12.00
# Visual Studio 14
VisualStudioVersion = 14.0.25420.1
MinimumVisualStudioVersion = 10.0.40219.1
Project("{FAE04EC0-301F-11D3-BF4B-00C04F79EFBC}") = "TaskManager.WebClient", "TaskManager.WebClient\TaskManager.WebClient.csproj", "{D964DFB3-111C-4A26-A8E7-87CB939E92F6}"
EndProject
Project("{FAE04EC0-301F-11D3-BF4B-00C04F79EFBC}") = "TaskManager.Models", "TaskManager.Models\TaskManager.Models.csproj", "{B798E2A6-6112-4459-816A-9E86BB15287F}"
EndProject
Project("{FAE04EC0-301F-11D3-BF4B-00C04F79EFBC}") = "TaskManager.Service", "TaskManager.Service\TaskManager.Service.csproj", "{08B12AED-AFDD-4512-AA69-539EAF1E58E7}"
EndProject
Project("{FAE04EC0-301F-11D3-BF4B-00C04F79EFBC}") = "TaskManager.UIModels", "TaskManager.UIModels\TaskManager.UIModels.csproj", "{EB6712B7-31D6-4F07-AE3C-140952D94685}"
EndProject
Project("{FAE04EC0-301F-11D3-BF4B-00C04F79EFBC}") = "TaskManager.Server", "TaskManager.Server\TaskManager.Server.csproj", "{3EC95A1D-F0D5-4E05-91D1-CC925F022ACC}"
EndProject
Global
	GlobalSection(SolutionConfigurationPlatforms) = preSolution
		Debug|Any CPU = Debug|Any CPU
		Release|Any CPU = Release|Any CPU
	EndGlobalSection
	GlobalSection(ProjectConfigurationPlatforms) = postSolution
		{D964DFB3-111C-4A26-A8E7-87CB939E92F6}.Debug|Any CPU.ActiveCfg = Debug|Any CPU
		{D964DFB3-111C-4A26-A8E7-87CB939E92F6}.Debug|Any CPU.Build.0 = Debug|Any CPU
		{D964DFB3-111C-4A26-A8E7-87CB939E92F6}.Release|Any CPU.ActiveCfg = Release|Any CPU
		{D964DFB3-111C-4A26-A8E7-87CB939E92F6}.Release|Any CPU.Build.0 = Release|Any CPU
		{B798E2A6-6112-4459-816A-9E86BB15287F}.Debug|Any CPU.ActiveCfg = Debug|Any CPU
		{B798E2A6-6112-4459-816A-9E86BB15287F}.Debug|Any CPU.Build.0 = Debug|Any CPU
		{B798E2A6-6112-4459-816A-9E86BB15287F}.Release|Any CPU.ActiveCfg = Release|Any CPU
		{B798E2A6-6112-4459-816A-9E86BB15287F}.Release|Any CPU.Build.0 = Release|Any CPU
		{08B12AED-AFDD-4512-AA69-539EAF1E58E7}.Debug|Any CPU.ActiveCfg = Debug|Any CPU
		{08B12AED-AFDD-4512-AA69-539EAF1E58E7}.Debug|Any CPU.Build.0 = Debug|Any CPU
		{08B12AED-AFDD-4512-AA69-539EAF1E58E7}.Release|Any CPU.ActiveCfg = Release|Any CPU
		{08B12AED-AFDD-4512-AA69-539EAF1E58E7}.Release|Any CPU.Build.0 = Release|Any CPU
		{EB6712B7-31D6-4F07-AE3C-140952D94685}.Debug|Any CPU.ActiveCfg = Debug|Any CPU
		{EB6712B7-31D6-4F07-AE3C-140952D94685}.Debug|Any CPU.Build.0 = Debug|Any CPU
		{EB6712B7-31D6-4F07-AE3C-140952D94685}.Release|Any CPU.ActiveCfg = Release|Any CPU
		{EB6712B7-31D6-4F07-AE3C-140952D94685}.Release|Any CPU.Build.0 = Release|Any CPU
		{3EC95A1D-F0D5-4E05-91D1-CC925F022ACC}.Debug|Any CPU.ActiveCfg = Debug|Any CPU
		{3EC95A1D-F0D5-4E05-91D1-CC925F022ACC}.Debug|Any CPU.Build.0 = Debug|Any CPU
		{3EC95A1D-F0D5-4E05-91D1-CC925F022ACC}.Release|Any CPU.ActiveCfg = Release|Any CPU
		{3EC95A1D-F0D5-4E05-91D1-CC925F022ACC}.Release|Any CPU.Build.0 = Release|Any CPU
	EndGlobalSection
	GlobalSection(SolutionProperties) = preSolution
		HideSolutionNode = FALSE
	EndGlobalSection
	GlobalSection(ExtensibilityGlobals) = postSolution
		SolutionGuid = {4D4861D8-B2B6-4FDA-9C57-7EBC7B231F16}
	EndGlobalSection
EndGlobal
